// !$*UTF8*$!
{
	archiveVersion = 1;
	classes = {
	};
	objectVersion = 46;
	objects = {

/* Begin PBXBuildFile section */
		048D614424A98CC60034D4F0 /* WLCustomTabBar.m in Sources */ = {isa = PBXBuildFile; fileRef = 048D614324A98CC60034D4F0 /* WLCustomTabBar.m */; };
		3C18AA9B24B02420005F86AA /* WLBaseTabBarController.m in Sources */ = {isa = PBXBuildFile; fileRef = 3C18AA9A24B02420005F86AA /* WLBaseTabBarController.m */; };
		3C18AA9E24B02554005F86AA /* WLMemoryTabBarVC.m in Sources */ = {isa = PBXBuildFile; fileRef = 3C18AA9D24B02554005F86AA /* WLMemoryTabBarVC.m */; };
		3C18AAA124B026F8005F86AA /* WLKvcTabBarVC.m in Sources */ = {isa = PBXBuildFile; fileRef = 3C18AAA024B026F8005F86AA /* WLKvcTabBarVC.m */; };
		3C18AAA424B0285B005F86AA /* WLBaseTabBar.m in Sources */ = {isa = PBXBuildFile; fileRef = 3C18AAA324B0285B005F86AA /* WLBaseTabBar.m */; };
		3C18AAA724B028D1005F86AA /* WLKvcTabBar.m in Sources */ = {isa = PBXBuildFile; fileRef = 3C18AAA624B028D1005F86AA /* WLKvcTabBar.m */; };
		3C1BF72A24B73B8F000CEF7A /* WLCustomTabBarVC.m in Sources */ = {isa = PBXBuildFile; fileRef = 3C1BF72924B73B8F000CEF7A /* WLCustomTabBarVC.m */; };
		3C1BF72D24B742BB000CEF7A /* WLCustomBtn.m in Sources */ = {isa = PBXBuildFile; fileRef = 3C1BF72C24B742BB000CEF7A /* WLCustomBtn.m */; };
		D2755BAF204E922300F8DD71 /* SubmitTabBarVC.m in Sources */ = {isa = PBXBuildFile; fileRef = D2755BAE204E922300F8DD71 /* SubmitTabBarVC.m */; };
		D2755BB1204E9C4000F8DD71 /* Log1.png in Resources */ = {isa = PBXBuildFile; fileRef = D2755BB0204E9C3F00F8DD71 /* Log1.png */; };
		D2755BB3204F7D5900F8DD71 /* 5@2x.png in Resources */ = {isa = PBXBuildFile; fileRef = D2755BB2204F7D5900F8DD71 /* 5@2x.png */; };
		D2DE96D01F90665900E0E050 /* main.m in Sources */ = {isa = PBXBuildFile; fileRef = D2DE96CF1F90665900E0E050 /* main.m */; };
		D2DE96D31F90665900E0E050 /* AppDelegate.m in Sources */ = {isa = PBXBuildFile; fileRef = D2DE96D21F90665900E0E050 /* AppDelegate.m */; };
		D2DE96D91F90665900E0E050 /* Main.storyboard in Resources */ = {isa = PBXBuildFile; fileRef = D2DE96D71F90665900E0E050 /* Main.storyboard */; };
		D2DE96DB1F90665900E0E050 /* Assets.xcassets in Resources */ = {isa = PBXBuildFile; fileRef = D2DE96DA1F90665900E0E050 /* Assets.xcassets */; };
		D2DE96DE1F90665900E0E050 /* LaunchScreen.storyboard in Resources */ = {isa = PBXBuildFile; fileRef = D2DE96DC1F90665900E0E050 /* LaunchScreen.storyboard */; };
		D2DE96E91F90665900E0E050 /* PayReaderTests.m in Sources */ = {isa = PBXBuildFile; fileRef = D2DE96E81F90665900E0E050 /* PayReaderTests.m */; };
		D2DE96F41F90665900E0E050 /* PayReaderUITests.m in Sources */ = {isa = PBXBuildFile; fileRef = D2DE96F31F90665900E0E050 /* PayReaderUITests.m */; };
		D2DE97171F90737D00E0E050 /* FZTabBarVC.m in Sources */ = {isa = PBXBuildFile; fileRef = D2DE97161F90737D00E0E050 /* FZTabBarVC.m */; };
		D2DE97231F90870000E0E050 /* 55@2x.png in Resources */ = {isa = PBXBuildFile; fileRef = D2DE971C1F90870000E0E050 /* 55@2x.png */; };
		D2DE97331F908A5200E0E050 /* BookShelfVC.m in Sources */ = {isa = PBXBuildFile; fileRef = D2DE97291F908A5200E0E050 /* BookShelfVC.m */; };
		D2DE97341F908A5200E0E050 /* ClassifyVC.m in Sources */ = {isa = PBXBuildFile; fileRef = D2DE972C1F908A5200E0E050 /* ClassifyVC.m */; };
		D2DE97351F908A5200E0E050 /* PersonalVC.m in Sources */ = {isa = PBXBuildFile; fileRef = D2DE972F1F908A5200E0E050 /* PersonalVC.m */; };
		D2DE97361F908A5200E0E050 /* RecommendVC.m in Sources */ = {isa = PBXBuildFile; fileRef = D2DE97321F908A5200E0E050 /* RecommendVC.m */; };
		D2DE97411F908A5B00E0E050 /* 11@2x.png in Resources */ = {isa = PBXBuildFile; fileRef = D2DE97391F908A5B00E0E050 /* 11@2x.png */; };
		D2DE97421F908A5B00E0E050 /* 1@2x.png in Resources */ = {isa = PBXBuildFile; fileRef = D2DE973A1F908A5B00E0E050 /* 1@2x.png */; };
		D2DE97431F908A5B00E0E050 /* 22@2x.png in Resources */ = {isa = PBXBuildFile; fileRef = D2DE973B1F908A5B00E0E050 /* 22@2x.png */; };
		D2DE97441F908A5B00E0E050 /* 2@2x.png in Resources */ = {isa = PBXBuildFile; fileRef = D2DE973C1F908A5B00E0E050 /* 2@2x.png */; };
		D2DE97451F908A5B00E0E050 /* 33@2x.png in Resources */ = {isa = PBXBuildFile; fileRef = D2DE973D1F908A5B00E0E050 /* 33@2x.png */; };
		D2DE97461F908A5B00E0E050 /* 3@2x.png in Resources */ = {isa = PBXBuildFile; fileRef = D2DE973E1F908A5B00E0E050 /* 3@2x.png */; };
		D2DE97471F908A5B00E0E050 /* 44@2x.png in Resources */ = {isa = PBXBuildFile; fileRef = D2DE973F1F908A5B00E0E050 /* 44@2x.png */; };
		D2DE97481F908A5B00E0E050 /* 4@2x.png in Resources */ = {isa = PBXBuildFile; fileRef = D2DE97401F908A5B00E0E050 /* 4@2x.png */; };
/* End PBXBuildFile section */

/* Begin PBXContainerItemProxy section */
		D2DE96E51F90665900E0E050 /* PBXContainerItemProxy */ = {
			isa = PBXContainerItemProxy;
			containerPortal = D2DE96C31F90665900E0E050 /* Project object */;
			proxyType = 1;
			remoteGlobalIDString = D2DE96CA1F90665900E0E050;
			remoteInfo = PayReader;
		};
		D2DE96F01F90665900E0E050 /* PBXContainerItemProxy */ = {
			isa = PBXContainerItemProxy;
			containerPortal = D2DE96C31F90665900E0E050 /* Project object */;
			proxyType = 1;
			remoteGlobalIDString = D2DE96CA1F90665900E0E050;
			remoteInfo = PayReader;
		};
/* End PBXContainerItemProxy section */

/* Begin PBXFileReference section */
		048D614224A98CC60034D4F0 /* WLCustomTabBar.h */ = {isa = PBXFileReference; lastKnownFileType = sourcecode.c.h; path = WLCustomTabBar.h; sourceTree = "<group>"; };
		048D614324A98CC60034D4F0 /* WLCustomTabBar.m */ = {isa = PBXFileReference; lastKnownFileType = sourcecode.c.objc; path = WLCustomTabBar.m; sourceTree = "<group>"; };
		048D614824A999980034D4F0 /* PrefixHeader.pch */ = {isa = PBXFileReference; lastKnownFileType = sourcecode.c.h; path = PrefixHeader.pch; sourceTree = "<group>"; };
		048D614924A99B150034D4F0 /* Header.h */ = {isa = PBXFileReference; lastKnownFileType = sourcecode.c.h; path = Header.h; sourceTree = "<group>"; };
		3C18AA9924B02420005F86AA /* WLBaseTabBarController.h */ = {isa = PBXFileReference; lastKnownFileType = sourcecode.c.h; path = WLBaseTabBarController.h; sourceTree = "<group>"; };
		3C18AA9A24B02420005F86AA /* WLBaseTabBarController.m */ = {isa = PBXFileReference; lastKnownFileType = sourcecode.c.objc; path = WLBaseTabBarController.m; sourceTree = "<group>"; };
		3C18AA9C24B02554005F86AA /* WLMemoryTabBarVC.h */ = {isa = PBXFileReference; lastKnownFileType = sourcecode.c.h; path = WLMemoryTabBarVC.h; sourceTree = "<group>"; };
		3C18AA9D24B02554005F86AA /* WLMemoryTabBarVC.m */ = {isa = PBXFileReference; lastKnownFileType = sourcecode.c.objc; path = WLMemoryTabBarVC.m; sourceTree = "<group>"; };
		3C18AA9F24B026F8005F86AA /* WLKvcTabBarVC.h */ = {isa = PBXFileReference; lastKnownFileType = sourcecode.c.h; path = WLKvcTabBarVC.h; sourceTree = "<group>"; };
		3C18AAA024B026F8005F86AA /* WLKvcTabBarVC.m */ = {isa = PBXFileReference; lastKnownFileType = sourcecode.c.objc; path = WLKvcTabBarVC.m; sourceTree = "<group>"; };
		3C18AAA224B0285B005F86AA /* WLBaseTabBar.h */ = {isa = PBXFileReference; lastKnownFileType = sourcecode.c.h; path = WLBaseTabBar.h; sourceTree = "<group>"; };
		3C18AAA324B0285B005F86AA /* WLBaseTabBar.m */ = {isa = PBXFileReference; lastKnownFileType = sourcecode.c.objc; path = WLBaseTabBar.m; sourceTree = "<group>"; };
		3C18AAA524B028D1005F86AA /* WLKvcTabBar.h */ = {isa = PBXFileReference; lastKnownFileType = sourcecode.c.h; path = WLKvcTabBar.h; sourceTree = "<group>"; };
		3C18AAA624B028D1005F86AA /* WLKvcTabBar.m */ = {isa = PBXFileReference; lastKnownFileType = sourcecode.c.objc; path = WLKvcTabBar.m; sourceTree = "<group>"; };
		3C1BF72824B73B8F000CEF7A /* WLCustomTabBarVC.h */ = {isa = PBXFileReference; lastKnownFileType = sourcecode.c.h; path = WLCustomTabBarVC.h; sourceTree = "<group>"; };
		3C1BF72924B73B8F000CEF7A /* WLCustomTabBarVC.m */ = {isa = PBXFileReference; lastKnownFileType = sourcecode.c.objc; path = WLCustomTabBarVC.m; sourceTree = "<group>"; };
		3C1BF72B24B742BB000CEF7A /* WLCustomBtn.h */ = {isa = PBXFileReference; lastKnownFileType = sourcecode.c.h; path = WLCustomBtn.h; sourceTree = "<group>"; };
		3C1BF72C24B742BB000CEF7A /* WLCustomBtn.m */ = {isa = PBXFileReference; lastKnownFileType = sourcecode.c.objc; path = WLCustomBtn.m; sourceTree = "<group>"; };
		D2755BAD204E922300F8DD71 /* SubmitTabBarVC.h */ = {isa = PBXFileReference; lastKnownFileType = sourcecode.c.h; path = SubmitTabBarVC.h; sourceTree = "<group>"; };
		D2755BAE204E922300F8DD71 /* SubmitTabBarVC.m */ = {isa = PBXFileReference; lastKnownFileType = sourcecode.c.objc; path = SubmitTabBarVC.m; sourceTree = "<group>"; };
		D2755BB0204E9C3F00F8DD71 /* Log1.png */ = {isa = PBXFileReference; lastKnownFileType = image.png; path = Log1.png; sourceTree = "<group>"; };
		D2755BB2204F7D5900F8DD71 /* 5@2x.png */ = {isa = PBXFileReference; lastKnownFileType = image.png; path = "5@2x.png"; sourceTree = "<group>"; };
		D2DE96CB1F90665900E0E050 /* PayReader.app */ = {isa = PBXFileReference; explicitFileType = wrapper.application; includeInIndex = 0; path = PayReader.app; sourceTree = BUILT_PRODUCTS_DIR; };
		D2DE96CF1F90665900E0E050 /* main.m */ = {isa = PBXFileReference; lastKnownFileType = sourcecode.c.objc; path = main.m; sourceTree = "<group>"; };
		D2DE96D11F90665900E0E050 /* AppDelegate.h */ = {isa = PBXFileReference; lastKnownFileType = sourcecode.c.h; path = AppDelegate.h; sourceTree = "<group>"; };
		D2DE96D21F90665900E0E050 /* AppDelegate.m */ = {isa = PBXFileReference; lastKnownFileType = sourcecode.c.objc; path = AppDelegate.m; sourceTree = "<group>"; };
		D2DE96D81F90665900E0E050 /* Base */ = {isa = PBXFileReference; lastKnownFileType = file.storyboard; name = Base; path = Base.lproj/Main.storyboard; sourceTree = "<group>"; };
		D2DE96DA1F90665900E0E050 /* Assets.xcassets */ = {isa = PBXFileReference; lastKnownFileType = folder.assetcatalog; path = Assets.xcassets; sourceTree = "<group>"; };
		D2DE96DD1F90665900E0E050 /* Base */ = {isa = PBXFileReference; lastKnownFileType = file.storyboard; name = Base; path = Base.lproj/LaunchScreen.storyboard; sourceTree = "<group>"; };
		D2DE96DF1F90665900E0E050 /* Info.plist */ = {isa = PBXFileReference; lastKnownFileType = text.plist.xml; path = Info.plist; sourceTree = "<group>"; };
		D2DE96E41F90665900E0E050 /* PayReaderTests.xctest */ = {isa = PBXFileReference; explicitFileType = wrapper.cfbundle; includeInIndex = 0; path = PayReaderTests.xctest; sourceTree = BUILT_PRODUCTS_DIR; };
		D2DE96E81F90665900E0E050 /* PayReaderTests.m */ = {isa = PBXFileReference; lastKnownFileType = sourcecode.c.objc; path = PayReaderTests.m; sourceTree = "<group>"; };
		D2DE96EA1F90665900E0E050 /* Info.plist */ = {isa = PBXFileReference; lastKnownFileType = text.plist.xml; path = Info.plist; sourceTree = "<group>"; };
		D2DE96EF1F90665900E0E050 /* PayReaderUITests.xctest */ = {isa = PBXFileReference; explicitFileType = wrapper.cfbundle; includeInIndex = 0; path = PayReaderUITests.xctest; sourceTree = BUILT_PRODUCTS_DIR; };
		D2DE96F31F90665900E0E050 /* PayReaderUITests.m */ = {isa = PBXFileReference; lastKnownFileType = sourcecode.c.objc; path = PayReaderUITests.m; sourceTree = "<group>"; };
		D2DE96F51F90665900E0E050 /* Info.plist */ = {isa = PBXFileReference; lastKnownFileType = text.plist.xml; path = Info.plist; sourceTree = "<group>"; };
		D2DE97151F90737D00E0E050 /* FZTabBarVC.h */ = {isa = PBXFileReference; fileEncoding = 4; lastKnownFileType = sourcecode.c.h; path = FZTabBarVC.h; sourceTree = "<group>"; };
		D2DE97161F90737D00E0E050 /* FZTabBarVC.m */ = {isa = PBXFileReference; fileEncoding = 4; lastKnownFileType = sourcecode.c.objc; path = FZTabBarVC.m; sourceTree = "<group>"; };
		D2DE971C1F90870000E0E050 /* 55@2x.png */ = {isa = PBXFileReference; lastKnownFileType = image.png; path = "55@2x.png"; sourceTree = "<group>"; };
		D2DE97281F908A5200E0E050 /* BookShelfVC.h */ = {isa = PBXFileReference; fileEncoding = 4; lastKnownFileType = sourcecode.c.h; path = BookShelfVC.h; sourceTree = "<group>"; };
		D2DE97291F908A5200E0E050 /* BookShelfVC.m */ = {isa = PBXFileReference; fileEncoding = 4; lastKnownFileType = sourcecode.c.objc; path = BookShelfVC.m; sourceTree = "<group>"; };
		D2DE972B1F908A5200E0E050 /* ClassifyVC.h */ = {isa = PBXFileReference; fileEncoding = 4; lastKnownFileType = sourcecode.c.h; path = ClassifyVC.h; sourceTree = "<group>"; };
		D2DE972C1F908A5200E0E050 /* ClassifyVC.m */ = {isa = PBXFileReference; fileEncoding = 4; lastKnownFileType = sourcecode.c.objc; path = ClassifyVC.m; sourceTree = "<group>"; };
		D2DE972E1F908A5200E0E050 /* PersonalVC.h */ = {isa = PBXFileReference; fileEncoding = 4; lastKnownFileType = sourcecode.c.h; path = PersonalVC.h; sourceTree = "<group>"; };
		D2DE972F1F908A5200E0E050 /* PersonalVC.m */ = {isa = PBXFileReference; fileEncoding = 4; lastKnownFileType = sourcecode.c.objc; path = PersonalVC.m; sourceTree = "<group>"; };
		D2DE97311F908A5200E0E050 /* RecommendVC.h */ = {isa = PBXFileReference; fileEncoding = 4; lastKnownFileType = sourcecode.c.h; path = RecommendVC.h; sourceTree = "<group>"; };
		D2DE97321F908A5200E0E050 /* RecommendVC.m */ = {isa = PBXFileReference; fileEncoding = 4; lastKnownFileType = sourcecode.c.objc; path = RecommendVC.m; sourceTree = "<group>"; };
		D2DE97391F908A5B00E0E050 /* 11@2x.png */ = {isa = PBXFileReference; lastKnownFileType = image.png; path = "11@2x.png"; sourceTree = "<group>"; };
		D2DE973A1F908A5B00E0E050 /* 1@2x.png */ = {isa = PBXFileReference; lastKnownFileType = image.png; path = "1@2x.png"; sourceTree = "<group>"; };
		D2DE973B1F908A5B00E0E050 /* 22@2x.png */ = {isa = PBXFileReference; lastKnownFileType = image.png; path = "22@2x.png"; sourceTree = "<group>"; };
		D2DE973C1F908A5B00E0E050 /* 2@2x.png */ = {isa = PBXFileReference; lastKnownFileType = image.png; path = "2@2x.png"; sourceTree = "<group>"; };
		D2DE973D1F908A5B00E0E050 /* 33@2x.png */ = {isa = PBXFileReference; lastKnownFileType = image.png; path = "33@2x.png"; sourceTree = "<group>"; };
		D2DE973E1F908A5B00E0E050 /* 3@2x.png */ = {isa = PBXFileReference; lastKnownFileType = image.png; path = "3@2x.png"; sourceTree = "<group>"; };
		D2DE973F1F908A5B00E0E050 /* 44@2x.png */ = {isa = PBXFileReference; lastKnownFileType = image.png; path = "44@2x.png"; sourceTree = "<group>"; };
		D2DE97401F908A5B00E0E050 /* 4@2x.png */ = {isa = PBXFileReference; lastKnownFileType = image.png; path = "4@2x.png"; sourceTree = "<group>"; };
/* End PBXFileReference section */

/* Begin PBXFrameworksBuildPhase section */
		D2DE96C81F90665900E0E050 /* Frameworks */ = {
			isa = PBXFrameworksBuildPhase;
			buildActionMask = 2147483647;
			files = (
			);
			runOnlyForDeploymentPostprocessing = 0;
		};
		D2DE96E11F90665900E0E050 /* Frameworks */ = {
			isa = PBXFrameworksBuildPhase;
			buildActionMask = 2147483647;
			files = (
			);
			runOnlyForDeploymentPostprocessing = 0;
		};
		D2DE96EC1F90665900E0E050 /* Frameworks */ = {
			isa = PBXFrameworksBuildPhase;
			buildActionMask = 2147483647;
			files = (
			);
			runOnlyForDeploymentPostprocessing = 0;
		};
/* End PBXFrameworksBuildPhase section */

/* Begin PBXGroup section */
		047D309624AAC9D4003D8C69 /* 动画 */ = {
			isa = PBXGroup;
			children = (
				D2DE97151F90737D00E0E050 /* FZTabBarVC.h */,
				D2DE97161F90737D00E0E050 /* FZTabBarVC.m */,
			);
			path = "动画";
			sourceTree = "<group>";
		};
		047D309724AAC9EA003D8C69 /* 刷新 */ = {
			isa = PBXGroup;
			children = (
				D2755BAD204E922300F8DD71 /* SubmitTabBarVC.h */,
				D2755BAE204E922300F8DD71 /* SubmitTabBarVC.m */,
				D2755BB0204E9C3F00F8DD71 /* Log1.png */,
			);
			path = "刷新";
			sourceTree = "<group>";
		};
		3C18AA9024B0124D005F86AA /* 方式一 */ = {
			isa = PBXGroup;
			children = (
				3C18AA9C24B02554005F86AA /* WLMemoryTabBarVC.h */,
				3C18AA9D24B02554005F86AA /* WLMemoryTabBarVC.m */,
			);
			path = "方式一";
			sourceTree = "<group>";
		};
		3C18AA9124B012B6005F86AA /* 方式二 */ = {
			isa = PBXGroup;
			children = (
				3C18AA9F24B026F8005F86AA /* WLKvcTabBarVC.h */,
				3C18AAA024B026F8005F86AA /* WLKvcTabBarVC.m */,
				3C18AAA524B028D1005F86AA /* WLKvcTabBar.h */,
				3C18AAA624B028D1005F86AA /* WLKvcTabBar.m */,
			);
			path = "方式二";
			sourceTree = "<group>";
		};
		3C18AA9224B012BF005F86AA /* 方式三 */ = {
			isa = PBXGroup;
			children = (
				3C1BF72824B73B8F000CEF7A /* WLCustomTabBarVC.h */,
				3C1BF72924B73B8F000CEF7A /* WLCustomTabBarVC.m */,
				048D614224A98CC60034D4F0 /* WLCustomTabBar.h */,
				048D614324A98CC60034D4F0 /* WLCustomTabBar.m */,
				3C1BF72B24B742BB000CEF7A /* WLCustomBtn.h */,
				3C1BF72C24B742BB000CEF7A /* WLCustomBtn.m */,
			);
			path = "方式三";
			sourceTree = "<group>";
		};
		3C1C168924AF6B51007A4DFC /* 写成类簇 */ = {
			isa = PBXGroup;
			children = (
			);
			path = "写成类簇";
			sourceTree = "<group>";
		};
		D2DE96C21F90665900E0E050 = {
			isa = PBXGroup;
			children = (
				D2DE96CD1F90665900E0E050 /* PayReader */,
				D2DE96E71F90665900E0E050 /* PayReaderTests */,
				D2DE96F21F90665900E0E050 /* PayReaderUITests */,
				D2DE96CC1F90665900E0E050 /* Products */,
			);
			sourceTree = "<group>";
		};
		D2DE96CC1F90665900E0E050 /* Products */ = {
			isa = PBXGroup;
			children = (
				D2DE96CB1F90665900E0E050 /* PayReader.app */,
				D2DE96E41F90665900E0E050 /* PayReaderTests.xctest */,
				D2DE96EF1F90665900E0E050 /* PayReaderUITests.xctest */,
			);
			name = Products;
			sourceTree = "<group>";
		};
		D2DE96CD1F90665900E0E050 /* PayReader */ = {
			isa = PBXGroup;
			children = (
				048D614824A999980034D4F0 /* PrefixHeader.pch */,
				048D614924A99B150034D4F0 /* Header.h */,
				D2DE96D11F90665900E0E050 /* AppDelegate.h */,
				D2DE96D21F90665900E0E050 /* AppDelegate.m */,
				047D309624AAC9D4003D8C69 /* 动画 */,
				047D309724AAC9EA003D8C69 /* 刷新 */,
				3C18AA9924B02420005F86AA /* WLBaseTabBarController.h */,
				3C18AA9A24B02420005F86AA /* WLBaseTabBarController.m */,
				3C18AAA224B0285B005F86AA /* WLBaseTabBar.h */,
				3C18AAA324B0285B005F86AA /* WLBaseTabBar.m */,
				3C1C168924AF6B51007A4DFC /* 写成类簇 */,
				3C18AA9024B0124D005F86AA /* 方式一 */,
				3C18AA9124B012B6005F86AA /* 方式二 */,
				3C18AA9224B012BF005F86AA /* 方式三 */,
				D2DE97261F908A5200E0E050 /* Classes */,
				D2DE97371F908A5B00E0E050 /* ImagesResource */,
				D2DE96CE1F90665900E0E050 /* Supporting Files */,
			);
			path = PayReader;
			sourceTree = "<group>";
		};
		D2DE96CE1F90665900E0E050 /* Supporting Files */ = {
			isa = PBXGroup;
			children = (
				D2DE96D71F90665900E0E050 /* Main.storyboard */,
				D2DE96DA1F90665900E0E050 /* Assets.xcassets */,
				D2DE96DC1F90665900E0E050 /* LaunchScreen.storyboard */,
				D2DE96DF1F90665900E0E050 /* Info.plist */,
				D2DE96CF1F90665900E0E050 /* main.m */,
			);
			name = "Supporting Files";
			sourceTree = "<group>";
		};
		D2DE96E71F90665900E0E050 /* PayReaderTests */ = {
			isa = PBXGroup;
			children = (
				D2DE96E81F90665900E0E050 /* PayReaderTests.m */,
				D2DE96EA1F90665900E0E050 /* Info.plist */,
			);
			path = PayReaderTests;
			sourceTree = "<group>";
		};
		D2DE96F21F90665900E0E050 /* PayReaderUITests */ = {
			isa = PBXGroup;
			children = (
				D2DE96F31F90665900E0E050 /* PayReaderUITests.m */,
				D2DE96F51F90665900E0E050 /* Info.plist */,
			);
			path = PayReaderUITests;
			sourceTree = "<group>";
		};
		D2DE97261F908A5200E0E050 /* Classes */ = {
			isa = PBXGroup;
			children = (
				D2DE97271F908A5200E0E050 /* BookShelf（书架） */,
				D2DE972A1F908A5200E0E050 /* Classify（分类） */,
				D2DE972D1F908A5200E0E050 /* Personal（我的） */,
				D2DE97301F908A5200E0E050 /* Recommend（精选） */,
			);
			path = Classes;
			sourceTree = "<group>";
		};
		D2DE97271F908A5200E0E050 /* BookShelf（书架） */ = {
			isa = PBXGroup;
			children = (
				D2DE97281F908A5200E0E050 /* BookShelfVC.h */,
				D2DE97291F908A5200E0E050 /* BookShelfVC.m */,
			);
			path = "BookShelf（书架）";
			sourceTree = "<group>";
		};
		D2DE972A1F908A5200E0E050 /* Classify（分类） */ = {
			isa = PBXGroup;
			children = (
				D2DE972B1F908A5200E0E050 /* ClassifyVC.h */,
				D2DE972C1F908A5200E0E050 /* ClassifyVC.m */,
			);
			path = "Classify（分类）";
			sourceTree = "<group>";
		};
		D2DE972D1F908A5200E0E050 /* Personal（我的） */ = {
			isa = PBXGroup;
			children = (
				D2DE972E1F908A5200E0E050 /* PersonalVC.h */,
				D2DE972F1F908A5200E0E050 /* PersonalVC.m */,
			);
			path = "Personal（我的）";
			sourceTree = "<group>";
		};
		D2DE97301F908A5200E0E050 /* Recommend（精选） */ = {
			isa = PBXGroup;
			children = (
				D2DE97311F908A5200E0E050 /* RecommendVC.h */,
				D2DE97321F908A5200E0E050 /* RecommendVC.m */,
			);
			path = "Recommend（精选）";
			sourceTree = "<group>";
		};
		D2DE97371F908A5B00E0E050 /* ImagesResource */ = {
			isa = PBXGroup;
			children = (
				D2DE97381F908A5B00E0E050 /* TabBar */,
				D2DE971C1F90870000E0E050 /* 55@2x.png */,
				D2755BB2204F7D5900F8DD71 /* 5@2x.png */,
			);
			path = ImagesResource;
			sourceTree = "<group>";
		};
		D2DE97381F908A5B00E0E050 /* TabBar */ = {
			isa = PBXGroup;
			children = (
				D2DE97391F908A5B00E0E050 /* 11@2x.png */,
				D2DE973A1F908A5B00E0E050 /* 1@2x.png */,
				D2DE973B1F908A5B00E0E050 /* 22@2x.png */,
				D2DE973C1F908A5B00E0E050 /* 2@2x.png */,
				D2DE973D1F908A5B00E0E050 /* 33@2x.png */,
				D2DE973E1F908A5B00E0E050 /* 3@2x.png */,
				D2DE973F1F908A5B00E0E050 /* 44@2x.png */,
				D2DE97401F908A5B00E0E050 /* 4@2x.png */,
			);
			path = TabBar;
			sourceTree = "<group>";
		};
/* End PBXGroup section */

/* Begin PBXNativeTarget section */
		D2DE96CA1F90665900E0E050 /* PayReader */ = {
			isa = PBXNativeTarget;
			buildConfigurationList = D2DE96F81F90665900E0E050 /* Build configuration list for PBXNativeTarget "PayReader" */;
			buildPhases = (
				D2DE96C71F90665900E0E050 /* Sources */,
				D2DE96C81F90665900E0E050 /* Frameworks */,
				D2DE96C91F90665900E0E050 /* Resources */,
			);
			buildRules = (
			);
			dependencies = (
			);
			name = PayReader;
			productName = PayReader;
			productReference = D2DE96CB1F90665900E0E050 /* PayReader.app */;
			productType = "com.apple.product-type.application";
		};
		D2DE96E31F90665900E0E050 /* PayReaderTests */ = {
			isa = PBXNativeTarget;
			buildConfigurationList = D2DE96FB1F90665900E0E050 /* Build configuration list for PBXNativeTarget "PayReaderTests" */;
			buildPhases = (
				D2DE96E01F90665900E0E050 /* Sources */,
				D2DE96E11F90665900E0E050 /* Frameworks */,
				D2DE96E21F90665900E0E050 /* Resources */,
			);
			buildRules = (
			);
			dependencies = (
				D2DE96E61F90665900E0E050 /* PBXTargetDependency */,
			);
			name = PayReaderTests;
			productName = PayReaderTests;
			productReference = D2DE96E41F90665900E0E050 /* PayReaderTests.xctest */;
			productType = "com.apple.product-type.bundle.unit-test";
		};
		D2DE96EE1F90665900E0E050 /* PayReaderUITests */ = {
			isa = PBXNativeTarget;
			buildConfigurationList = D2DE96FE1F90665900E0E050 /* Build configuration list for PBXNativeTarget "PayReaderUITests" */;
			buildPhases = (
				D2DE96EB1F90665900E0E050 /* Sources */,
				D2DE96EC1F90665900E0E050 /* Frameworks */,
				D2DE96ED1F90665900E0E050 /* Resources */,
			);
			buildRules = (
			);
			dependencies = (
				D2DE96F11F90665900E0E050 /* PBXTargetDependency */,
			);
			name = PayReaderUITests;
			productName = PayReaderUITests;
			productReference = D2DE96EF1F90665900E0E050 /* PayReaderUITests.xctest */;
			productType = "com.apple.product-type.bundle.ui-testing";
		};
/* End PBXNativeTarget section */

/* Begin PBXProject section */
		D2DE96C31F90665900E0E050 /* Project object */ = {
			isa = PBXProject;
			attributes = {
				LastUpgradeCheck = 0830;
				ORGANIZATIONNAME = "杜文亮";
				TargetAttributes = {
					D2DE96CA1F90665900E0E050 = {
						CreatedOnToolsVersion = 8.3.3;
						DevelopmentTeam = 8MCBLL5HW5;
						ProvisioningStyle = Automatic;
					};
					D2DE96E31F90665900E0E050 = {
						CreatedOnToolsVersion = 8.3.3;
						ProvisioningStyle = Automatic;
						TestTargetID = D2DE96CA1F90665900E0E050;
					};
					D2DE96EE1F90665900E0E050 = {
						CreatedOnToolsVersion = 8.3.3;
						ProvisioningStyle = Automatic;
						TestTargetID = D2DE96CA1F90665900E0E050;
					};
				};
			};
			buildConfigurationList = D2DE96C61F90665900E0E050 /* Build configuration list for PBXProject "PayReader" */;
			compatibilityVersion = "Xcode 3.2";
			developmentRegion = English;
			hasScannedForEncodings = 0;
			knownRegions = (
				English,
				en,
				Base,
			);
			mainGroup = D2DE96C21F90665900E0E050;
			productRefGroup = D2DE96CC1F90665900E0E050 /* Products */;
			projectDirPath = "";
			projectRoot = "";
			targets = (
				D2DE96CA1F90665900E0E050 /* PayReader */,
				D2DE96E31F90665900E0E050 /* PayReaderTests */,
				D2DE96EE1F90665900E0E050 /* PayReaderUITests */,
			);
		};
/* End PBXProject section */

/* Begin PBXResourcesBuildPhase section */
		D2DE96C91F90665900E0E050 /* Resources */ = {
			isa = PBXResourcesBuildPhase;
			buildActionMask = 2147483647;
			files = (
				D2DE97421F908A5B00E0E050 /* 1@2x.png in Resources */,
				D2DE97471F908A5B00E0E050 /* 44@2x.png in Resources */,
				D2DE96DE1F90665900E0E050 /* LaunchScreen.storyboard in Resources */,
				D2DE97461F908A5B00E0E050 /* 3@2x.png in Resources */,
				D2DE97451F908A5B00E0E050 /* 33@2x.png in Resources */,
				D2DE96DB1F90665900E0E050 /* Assets.xcassets in Resources */,
				D2DE97411F908A5B00E0E050 /* 11@2x.png in Resources */,
				D2DE97431F908A5B00E0E050 /* 22@2x.png in Resources */,
				D2755BB3204F7D5900F8DD71 /* 5@2x.png in Resources */,
				D2DE97231F90870000E0E050 /* 55@2x.png in Resources */,
				D2DE97481F908A5B00E0E050 /* 4@2x.png in Resources */,
				D2755BB1204E9C4000F8DD71 /* Log1.png in Resources */,
				D2DE96D91F90665900E0E050 /* Main.storyboard in Resources */,
				D2DE97441F908A5B00E0E050 /* 2@2x.png in Resources */,
			);
			runOnlyForDeploymentPostprocessing = 0;
		};
		D2DE96E21F90665900E0E050 /* Resources */ = {
			isa = PBXResourcesBuildPhase;
			buildActionMask = 2147483647;
			files = (
			);
			runOnlyForDeploymentPostprocessing = 0;
		};
		D2DE96ED1F90665900E0E050 /* Resources */ = {
			isa = PBXResourcesBuildPhase;
			buildActionMask = 2147483647;
			files = (
			);
			runOnlyForDeploymentPostprocessing = 0;
		};
/* End PBXResourcesBuildPhase section */

/* Begin PBXSourcesBuildPhase section */
		D2DE96C71F90665900E0E050 /* Sources */ = {
			isa = PBXSourcesBuildPhase;
			buildActionMask = 2147483647;
			files = (
				3C18AA9B24B02420005F86AA /* WLBaseTabBarController.m in Sources */,
				D2DE96D31F90665900E0E050 /* AppDelegate.m in Sources */,
				D2DE97171F90737D00E0E050 /* FZTabBarVC.m in Sources */,
				048D614424A98CC60034D4F0 /* WLCustomTabBar.m in Sources */,
				3C18AA9E24B02554005F86AA /* WLMemoryTabBarVC.m in Sources */,
				3C18AAA724B028D1005F86AA /* WLKvcTabBar.m in Sources */,
				D2DE97331F908A5200E0E050 /* BookShelfVC.m in Sources */,
				3C18AAA424B0285B005F86AA /* WLBaseTabBar.m in Sources */,
				D2DE97341F908A5200E0E050 /* ClassifyVC.m in Sources */,
				D2755BAF204E922300F8DD71 /* SubmitTabBarVC.m in Sources */,
				3C1BF72D24B742BB000CEF7A /* WLCustomBtn.m in Sources */,
				3C18AAA124B026F8005F86AA /* WLKvcTabBarVC.m in Sources */,
				D2DE97351F908A5200E0E050 /* PersonalVC.m in Sources */,
				3C1BF72A24B73B8F000CEF7A /* WLCustomTabBarVC.m in Sources */,
				D2DE97361F908A5200E0E050 /* RecommendVC.m in Sources */,
				D2DE96D01F90665900E0E050 /* main.m in Sources */,
			);
			runOnlyForDeploymentPostprocessing = 0;
		};
		D2DE96E01F90665900E0E050 /* Sources */ = {
			isa = PBXSourcesBuildPhase;
			buildActionMask = 2147483647;
			files = (
				D2DE96E91F90665900E0E050 /* PayReaderTests.m in Sources */,
			);
			runOnlyForDeploymentPostprocessing = 0;
		};
		D2DE96EB1F90665900E0E050 /* Sources */ = {
			isa = PBXSourcesBuildPhase;
			buildActionMask = 2147483647;
			files = (
				D2DE96F41F90665900E0E050 /* PayReaderUITests.m in Sources */,
			);
			runOnlyForDeploymentPostprocessing = 0;
		};
/* End PBXSourcesBuildPhase section */

/* Begin PBXTargetDependency section */
		D2DE96E61F90665900E0E050 /* PBXTargetDependency */ = {
			isa = PBXTargetDependency;
			target = D2DE96CA1F90665900E0E050 /* PayReader */;
			targetProxy = D2DE96E51F90665900E0E050 /* PBXContainerItemProxy */;
		};
		D2DE96F11F90665900E0E050 /* PBXTargetDependency */ = {
			isa = PBXTargetDependency;
			target = D2DE96CA1F90665900E0E050 /* PayReader */;
			targetProxy = D2DE96F01F90665900E0E050 /* PBXContainerItemProxy */;
		};
/* End PBXTargetDependency section */

/* Begin PBXVariantGroup section */
		D2DE96D71F90665900E0E050 /* Main.storyboard */ = {
			isa = PBXVariantGroup;
			children = (
				D2DE96D81F90665900E0E050 /* Base */,
			);
			name = Main.storyboard;
			sourceTree = "<group>";
		};
		D2DE96DC1F90665900E0E050 /* LaunchScreen.storyboard */ = {
			isa = PBXVariantGroup;
			children = (
				D2DE96DD1F90665900E0E050 /* Base */,
			);
			name = LaunchScreen.storyboard;
			sourceTree = "<group>";
		};
/* End PBXVariantGroup section */

/* Begin XCBuildConfiguration section */
		D2DE96F61F90665900E0E050 /* Debug */ = {
			isa = XCBuildConfiguration;
			buildSettings = {
				ALWAYS_SEARCH_USER_PATHS = NO;
				CLANG_ANALYZER_NONNULL = YES;
				CLANG_ANALYZER_NUMBER_OBJECT_CONVERSION = YES_AGGRESSIVE;
				CLANG_CXX_LANGUAGE_STANDARD = "gnu++0x";
				CLANG_CXX_LIBRARY = "libc++";
				CLANG_ENABLE_MODULES = YES;
				CLANG_ENABLE_OBJC_ARC = YES;
				CLANG_WARN_BOOL_CONVERSION = YES;
				CLANG_WARN_CONSTANT_CONVERSION = YES;
				CLANG_WARN_DIRECT_OBJC_ISA_USAGE = YES_ERROR;
				CLANG_WARN_DOCUMENTATION_COMMENTS = YES;
				CLANG_WARN_EMPTY_BODY = YES;
				CLANG_WARN_ENUM_CONVERSION = YES;
				CLANG_WARN_INFINITE_RECURSION = YES;
				CLANG_WARN_INT_CONVERSION = YES;
				CLANG_WARN_OBJC_ROOT_CLASS = YES_ERROR;
				CLANG_WARN_SUSPICIOUS_MOVE = YES;
				CLANG_WARN_UNREACHABLE_CODE = YES;
				CLANG_WARN__DUPLICATE_METHOD_MATCH = YES;
				"CODE_SIGN_IDENTITY[sdk=iphoneos*]" = "iPhone Developer";
				COPY_PHASE_STRIP = NO;
				DEBUG_INFORMATION_FORMAT = dwarf;
				ENABLE_STRICT_OBJC_MSGSEND = YES;
				ENABLE_TESTABILITY = YES;
				GCC_C_LANGUAGE_STANDARD = gnu99;
				GCC_DYNAMIC_NO_PIC = NO;
				GCC_NO_COMMON_BLOCKS = YES;
				GCC_OPTIMIZATION_LEVEL = 0;
				GCC_PREPROCESSOR_DEFINITIONS = (
					"DEBUG=1",
					"$(inherited)",
				);
				GCC_WARN_64_TO_32_BIT_CONVERSION = YES;
				GCC_WARN_ABOUT_RETURN_TYPE = YES_ERROR;
				GCC_WARN_UNDECLARED_SELECTOR = YES;
				GCC_WARN_UNINITIALIZED_AUTOS = YES_AGGRESSIVE;
				GCC_WARN_UNUSED_FUNCTION = YES;
				GCC_WARN_UNUSED_VARIABLE = YES;
				IPHONEOS_DEPLOYMENT_TARGET = 10.3;
				MTL_ENABLE_DEBUG_INFO = YES;
				ONLY_ACTIVE_ARCH = YES;
				SDKROOT = iphoneos;
			};
			name = Debug;
		};
		D2DE96F71F90665900E0E050 /* Release */ = {
			isa = XCBuildConfiguration;
			buildSettings = {
				ALWAYS_SEARCH_USER_PATHS = NO;
				CLANG_ANALYZER_NONNULL = YES;
				CLANG_ANALYZER_NUMBER_OBJECT_CONVERSION = YES_AGGRESSIVE;
				CLANG_CXX_LANGUAGE_STANDARD = "gnu++0x";
				CLANG_CXX_LIBRARY = "libc++";
				CLANG_ENABLE_MODULES = YES;
				CLANG_ENABLE_OBJC_ARC = YES;
				CLANG_WARN_BOOL_CONVERSION = YES;
				CLANG_WARN_CONSTANT_CONVERSION = YES;
				CLANG_WARN_DIRECT_OBJC_ISA_USAGE = YES_ERROR;
				CLANG_WARN_DOCUMENTATION_COMMENTS = YES;
				CLANG_WARN_EMPTY_BODY = YES;
				CLANG_WARN_ENUM_CONVERSION = YES;
				CLANG_WARN_INFINITE_RECURSION = YES;
				CLANG_WARN_INT_CONVERSION = YES;
				CLANG_WARN_OBJC_ROOT_CLASS = YES_ERROR;
				CLANG_WARN_SUSPICIOUS_MOVE = YES;
				CLANG_WARN_UNREACHABLE_CODE = YES;
				CLANG_WARN__DUPLICATE_METHOD_MATCH = YES;
				"CODE_SIGN_IDENTITY[sdk=iphoneos*]" = "iPhone Developer";
				COPY_PHASE_STRIP = NO;
				DEBUG_INFORMATION_FORMAT = "dwarf-with-dsym";
				ENABLE_NS_ASSERTIONS = NO;
				ENABLE_STRICT_OBJC_MSGSEND = YES;
				GCC_C_LANGUAGE_STANDARD = gnu99;
				GCC_NO_COMMON_BLOCKS = YES;
				GCC_WARN_64_TO_32_BIT_CONVERSION = YES;
				GCC_WARN_ABOUT_RETURN_TYPE = YES_ERROR;
				GCC_WARN_UNDECLARED_SELECTOR = YES;
				GCC_WARN_UNINITIALIZED_AUTOS = YES_AGGRESSIVE;
				GCC_WARN_UNUSED_FUNCTION = YES;
				GCC_WARN_UNUSED_VARIABLE = YES;
				IPHONEOS_DEPLOYMENT_TARGET = 10.3;
				MTL_ENABLE_DEBUG_INFO = NO;
				SDKROOT = iphoneos;
				VALIDATE_PRODUCT = YES;
			};
			name = Release;
		};
		D2DE96F91F90665900E0E050 /* Debug */ = {
			isa = XCBuildConfiguration;
			buildSettings = {
				ASSETCATALOG_COMPILER_APPICON_NAME = AppIcon;
				DEVELOPMENT_TEAM = 8MCBLL5HW5;
				INFOPLIST_FILE = PayReader/Info.plist;
				IPHONEOS_DEPLOYMENT_TARGET = 8.0;
				LD_RUNPATH_SEARCH_PATHS = "$(inherited) @executable_path/Frameworks";
				PRODUCT_BUNDLE_IDENTIFIER = com.du.PayReader;
				PRODUCT_NAME = "$(TARGET_NAME)";
			};
			name = Debug;
		};
		D2DE96FA1F90665900E0E050 /* Release */ = {
			isa = XCBuildConfiguration;
			buildSettings = {
				ASSETCATALOG_COMPILER_APPICON_NAME = AppIcon;
				DEVELOPMENT_TEAM = 8MCBLL5HW5;
				INFOPLIST_FILE = PayReader/Info.plist;
				IPHONEOS_DEPLOYMENT_TARGET = 8.0;
				LD_RUNPATH_SEARCH_PATHS = "$(inherited) @executable_path/Frameworks";
				PRODUCT_BUNDLE_IDENTIFIER = com.du.PayReader;
				PRODUCT_NAME = "$(TARGET_NAME)";
			};
			name = Release;
		};
		D2DE96FC1F90665900E0E050 /* Debug */ = {
			isa = XCBuildConfiguration;
			buildSettings = {
				BUNDLE_LOADER = "$(TEST_HOST)";
				INFOPLIST_FILE = PayReaderTests/Info.plist;
				LD_RUNPATH_SEARCH_PATHS = "$(inherited) @executable_path/Frameworks @loader_path/Frameworks";
				PRODUCT_BUNDLE_IDENTIFIER = com.du.PayReaderTests;
				PRODUCT_NAME = "$(TARGET_NAME)";
				TEST_HOST = "$(BUILT_PRODUCTS_DIR)/PayReader.app/PayReader";
			};
			name = Debug;
		};
		D2DE96FD1F90665900E0E050 /* Release */ = {
			isa = XCBuildConfiguration;
			buildSettings = {
				BUNDLE_LOADER = "$(TEST_HOST)";
				INFOPLIST_FILE = PayReaderTests/Info.plist;
				LD_RUNPATH_SEARCH_PATHS = "$(inherited) @executable_path/Frameworks @loader_path/Frameworks";
				PRODUCT_BUNDLE_IDENTIFIER = com.du.PayReaderTests;
				PRODUCT_NAME = "$(TARGET_NAME)";
				TEST_HOST = "$(BUILT_PRODUCTS_DIR)/PayReader.app/PayReader";
			};
			name = Release;
		};
		D2DE96FF1F90665900E0E050 /* Debug */ = {
			isa = XCBuildConfiguration;
			buildSettings = {
				INFOPLIST_FILE = PayReaderUITests/Info.plist;
				LD_RUNPATH_SEARCH_PATHS = "$(inherited) @executable_path/Frameworks @loader_path/Frameworks";
				PRODUCT_BUNDLE_IDENTIFIER = com.du.PayReaderUITests;
				PRODUCT_NAME = "$(TARGET_NAME)";
				TEST_TARGET_NAME = PayReader;
			};
			name = Debug;
		};
		D2DE97001F90665900E0E050 /* Release */ = {
			isa = XCBuildConfiguration;
			buildSettings = {
				INFOPLIST_FILE = PayReaderUITests/Info.plist;
				LD_RUNPATH_SEARCH_PATHS = "$(inherited) @executable_path/Frameworks @loader_path/Frameworks";
				PRODUCT_BUNDLE_IDENTIFIER = com.du.PayReaderUITests;
				PRODUCT_NAME = "$(TARGET_NAME)";
				TEST_TARGET_NAME = PayReader;
			};
			name = Release;
		};
/* End XCBuildConfiguration section */

/* Begin XCConfigurationList section */
		D2DE96C61F90665900E0E050 /* Build configuration list for PBXProject "PayReader" */ = {
			isa = XCConfigurationList;
			buildConfigurations = (
				D2DE96F61F90665900E0E050 /* Debug */,
				D2DE96F71F90665900E0E050 /* Release */,
			);
			defaultConfigurationIsVisible = 0;
			defaultConfigurationName = Release;
		};
		D2DE96F81F90665900E0E050 /* Build configuration list for PBXNativeTarget "PayReader" */ = {
			isa = XCConfigurationList;
			buildConfigurations = (
				D2DE96F91F90665900E0E050 /* Debug */,
				D2DE96FA1F90665900E0E050 /* Release */,
			);
			defaultConfigurationIsVisible = 0;
			defaultConfigurationName = Release;
		};
		D2DE96FB1F90665900E0E050 /* Build configuration list for PBXNativeTarget "PayReaderTests" */ = {
			isa = XCConfigurationList;
			buildConfigurations = (
				D2DE96FC1F90665900E0E050 /* Debug */,
				D2DE96FD1F90665900E0E050 /* Release */,
			);
			defaultConfigurationIsVisible = 0;
			defaultConfigurationName = Release;
		};
		D2DE96FE1F90665900E0E050 /* Build configuration list for PBXNativeTarget "PayReaderUITests" */ = {
			isa = XCConfigurationList;
			buildConfigurations = (
				D2DE96FF1F90665900E0E050 /* Debug */,
				D2DE97001F90665900E0E050 /* Release */,
			);
			defaultConfigurationIsVisible = 0;
			defaultConfigurationName = Release;
		};
/* End XCConfigurationList section */
	};
	rootObject = D2DE96C31F90665900E0E050 /* Project object */;
}
